%{
  "antl_utils_ecto": {:hex, :antl_utils_ecto, "2.4.3", "b265bd867499b0927e93601cbea5492529cf2674b080686f5dedaab4c33af8f2", [:mix], [{:antl_utils_elixir, "~> 0.4", [hex: :antl_utils_elixir, repo: "hexpm", optional: false]}, {:ecto, "~> 3.0", [hex: :ecto, repo: "hexpm", optional: false]}], "hexpm", "20aef29c77b94a71b7b6b40b82aba4cb2585e84d1e722d47c431c9c5eafa7b3f"},
  "antl_utils_elixir": {:hex, :antl_utils_elixir, "0.4.0", "5be6c4acbafe27a8badca54ad9eb6e3920c58e19b177341542ae87be07a8a74d", [:mix], [], "hexpm", "3898f66c7c95d62f11381beda43ebde860ab9d43716dd899e22ac61aeabecce1"},
  "connection": {:hex, :connection, "1.1.0", "ff2a49c4b75b6fb3e674bfc5536451607270aac754ffd1bdfe175abe4a6d7a68", [:mix], [], "hexpm", "722c1eb0a418fbe91ba7bd59a47e28008a189d47e37e0e7bb85585a016b2869c"},
  "db_connection": {:hex, :db_connection, "2.4.2", "f92e79aff2375299a16bcb069a14ee8615c3414863a6fef93156aee8e86c2ff3", [:mix], [{:connection, "~> 1.0", [hex: :connection, repo: "hexpm", optional: false]}, {:telemetry, "~> 0.4 or ~> 1.0", [hex: :telemetry, repo: "hexpm", optional: false]}], "hexpm", "4fe53ca91b99f55ea249693a0229356a08f4d1a7931d8ffa79289b145fe83668"},
  "decimal": {:hex, :decimal, "2.0.0", "a78296e617b0f5dd4c6caf57c714431347912ffb1d0842e998e9792b5642d697", [:mix], [], "hexpm", "34666e9c55dea81013e77d9d87370fe6cb6291d1ef32f46a1600230b1d44f577"},
  "earmark_parser": {:hex, :earmark_parser, "1.4.13", "0c98163e7d04a15feb62000e1a891489feb29f3d10cb57d4f845c405852bbef8", [:mix], [], "hexpm", "d602c26af3a0af43d2f2645613f65841657ad6efc9f0e361c3b6c06b578214ba"},
  "ecto": {:hex, :ecto, "3.8.3", "5e681d35bc2cbb46dcca1e2675837c7d666316e5ada14eca6c9c609b6232817c", [:mix], [{:decimal, "~> 1.6 or ~> 2.0", [hex: :decimal, repo: "hexpm", optional: false]}, {:jason, "~> 1.0", [hex: :jason, repo: "hexpm", optional: true]}, {:telemetry, "~> 0.4 or ~> 1.0", [hex: :telemetry, repo: "hexpm", optional: false]}], "hexpm", "af92dd7815967bcaea0daaaccf31c3b23165432b1c7a475d84144efbc703d105"},
  "ecto_sql": {:hex, :ecto_sql, "3.8.2", "d7d44bc8d45ba9c85485952710c80408632a7336eb811b045e791718d11ddb5b", [:mix], [{:db_connection, "~> 2.5 or ~> 2.4.1", [hex: :db_connection, repo: "hexpm", optional: false]}, {:ecto, "~> 3.8.1", [hex: :ecto, repo: "hexpm", optional: false]}, {:myxql, "~> 0.6.0", [hex: :myxql, repo: "hexpm", optional: true]}, {:postgrex, "~> 0.15.0 or ~> 0.16.0 or ~> 1.0", [hex: :postgrex, repo: "hexpm", optional: true]}, {:tds, "~> 2.1.1 or ~> 2.2", [hex: :tds, repo: "hexpm", optional: true]}, {:telemetry, "~> 0.4.0 or ~> 1.0", [hex: :telemetry, repo: "hexpm", optional: false]}], "hexpm", "7b9b03d64360d6cc05dc263500a43c11740b5fd4552244c27efad358e98c75b3"},
  "ex_doc": {:hex, :ex_doc, "0.24.2", "e4c26603830c1a2286dae45f4412a4d1980e1e89dc779fcd0181ed1d5a05c8d9", [:mix], [{:earmark_parser, "~> 1.4.0", [hex: :earmark_parser, repo: "hexpm", optional: false]}, {:makeup_elixir, "~> 0.14", [hex: :makeup_elixir, repo: "hexpm", optional: false]}, {:makeup_erlang, "~> 0.1", [hex: :makeup_erlang, repo: "hexpm", optional: false]}], "hexpm", "e134e1d9e821b8d9e4244687fb2ace58d479b67b282de5158333b0d57c6fb7da"},
  "jason": {:hex, :jason, "1.3.0", "fa6b82a934feb176263ad2df0dbd91bf633d4a46ebfdffea0c8ae82953714946", [:mix], [{:decimal, "~> 1.0 or ~> 2.0", [hex: :decimal, repo: "hexpm", optional: true]}], "hexpm", "53fc1f51255390e0ec7e50f9cb41e751c260d065dcba2bf0d08dc51a4002c2ac"},
  "makeup": {:hex, :makeup, "1.0.5", "d5a830bc42c9800ce07dd97fa94669dfb93d3bf5fcf6ea7a0c67b2e0e4a7f26c", [:mix], [{:nimble_parsec, "~> 0.5 or ~> 1.0", [hex: :nimble_parsec, repo: "hexpm", optional: false]}], "hexpm", "cfa158c02d3f5c0c665d0af11512fed3fba0144cf1aadee0f2ce17747fba2ca9"},
  "makeup_elixir": {:hex, :makeup_elixir, "0.15.1", "b5888c880d17d1cc3e598f05cdb5b5a91b7b17ac4eaf5f297cb697663a1094dd", [:mix], [{:makeup, "~> 1.0", [hex: :makeup, repo: "hexpm", optional: false]}, {:nimble_parsec, "~> 1.1", [hex: :nimble_parsec, repo: "hexpm", optional: false]}], "hexpm", "db68c173234b07ab2a07f645a5acdc117b9f99d69ebf521821d89690ae6c6ec8"},
  "makeup_erlang": {:hex, :makeup_erlang, "0.1.1", "3fcb7f09eb9d98dc4d208f49cc955a34218fc41ff6b84df7c75b3e6e533cc65f", [:mix], [{:makeup, "~> 1.0", [hex: :makeup, repo: "hexpm", optional: false]}], "hexpm", "174d0809e98a4ef0b3309256cbf97101c6ec01c4ab0b23e926a9e17df2077cbb"},
  "myxql": {:hex, :myxql, "0.6.2", "7346246e73035d6853c189d0478537a347d6e380a7227a5695ac9ecf4eb39959", [:mix], [{:db_connection, "~> 2.4.1 or ~> 2.5", [hex: :db_connection, repo: "hexpm", optional: false]}, {:decimal, "~> 1.6 or ~> 2.0", [hex: :decimal, repo: "hexpm", optional: false]}, {:geo, "~> 3.4", [hex: :geo, repo: "hexpm", optional: true]}, {:jason, "~> 1.0", [hex: :jason, repo: "hexpm", optional: true]}, {:table, "~> 0.1.0", [hex: :table, repo: "hexpm", optional: true]}], "hexpm", "88094d5c90765fd93f2888a60285077fb937b8e5917570f7be2a3a6bf45e0e2a"},
  "nimble_parsec": {:hex, :nimble_parsec, "1.1.0", "3a6fca1550363552e54c216debb6a9e95bd8d32348938e13de5eda962c0d7f89", [:mix], [], "hexpm", "08eb32d66b706e913ff748f11694b17981c0b04a33ef470e33e11b3d3ac8f54b"},
  "postgrex": {:hex, :postgrex, "0.16.3", "fac79a81a9a234b11c44235a4494d8565303fa4b9147acf57e48978a074971db", [:mix], [{:connection, "~> 1.1", [hex: :connection, repo: "hexpm", optional: false]}, {:db_connection, "~> 2.1", [hex: :db_connection, repo: "hexpm", optional: false]}, {:decimal, "~> 1.5 or ~> 2.0", [hex: :decimal, repo: "hexpm", optional: false]}, {:jason, "~> 1.0", [hex: :jason, repo: "hexpm", optional: true]}, {:table, "~> 0.1.0", [hex: :table, repo: "hexpm", optional: true]}], "hexpm", "aeaae1d2d1322da4e5fe90d241b0a564ce03a3add09d7270fb85362166194590"},
  "telemetry": {:hex, :telemetry, "1.1.0", "a589817034a27eab11144ad24d5c0f9fab1f58173274b1e9bae7074af9cbee51", [:rebar3], [], "hexpm", "b727b2a1f75614774cff2d7565b64d0dfa5bd52ba517f16543e6fc7efcc0df48"},
}
